<?xml version="1.0" encoding="utf-8"?>
<Project ToolsVersion="4.0" xmlns="http://schemas.microsoft.com/developer/msbuild/2003">
  <ItemGroup>
    <Filter Include="Source Files">
      <UniqueIdentifier>{4FC737F1-C7A5-4376-A066-2A32D752A2FF}</UniqueIdentifier>
      <Extensions>cpp;c;cc;cxx;def;odl;idl;hpj;bat;asm;asmx</Extensions>
    </Filter>
    <Filter Include="Header Files">
      <UniqueIdentifier>{93995380-89BD-4b04-88EB-625FBE52EBFB}</UniqueIdentifier>
      <Extensions>h;hh;hpp;hxx;hm;inl;inc;ipp;xsd</Extensions>
    </Filter>
    <Filter Include="Resource Files">
      <UniqueIdentifier>{67DA6AB6-F800-4c08-8B7A-83BB121AAD01}</UniqueIdentifier>
      <Extensions>rc;ico;cur;bmp;dlg;rc2;rct;bin;rgs;gif;jpg;jpeg;jpe;resx;tiff;tif;png;wav;mfcribbon-ms</Extensions>
    </Filter>
  </ItemGroup>
  <ItemGroup>
    <ClCompile Include="Source.cpp">
      <Filter>Source Files</Filter>
    </ClCompile>
    <ClCompile Include="Readers.cpp">
      <Filter>Source Files</Filter>
    </ClCompile>
    <ClCompile Include="Linklist.h">
      <Filter>Source Files</Filter>
    </ClCompile>
    <ClCompile Include="Button.cpp">
      <Filter>Source Files</Filter>
    </ClCompile>
  </ItemGroup>
  <ItemGroup>
    <ClInclude Include="Readers.h">
      <Filter>Header Files</Filter>
    </ClInclude>
    <ClInclude Include="GlobalV.h">
      <Filter>Source Files</Filter>
    </ClInclude>
    <ClInclude Include="Librarain.h">
      <Filter>Source Files</Filter>
    </ClInclude>
    <ClInclude Include="Button.h">
      <Filter>Header Files</Filter>
    </ClInclude>
    <ClInclude Include="MainScreen.h">
      <Filter>Header Files</Filter>
    </ClInclude>
    <ClInclude Include="LoginScreen.h">
      <Filter>Header Files</Filter>
    </ClInclude>
    <ClInclude Include="LibrarianScreen.h">
      <Filter>Header Files</Filter>
    </ClInclude>
    <ClInclude Include="ReadersScreen.h">
      <Filter>Header Files</Filter>
    </ClInclude>
  </ItemGroup>
  <ItemGroup>
    <Text Include="Books.txt" />
    <Text Include="UsamaMarkedAsRead.txt" />
    <Text Include="UsamaWantToRead.txt" />
    <Text Include="student.txt" />
    <Text Include="Debug\ProjectDSA.log" />
    <Text Include="Librarian.txt" />
    <Text Include="SarahMarkedAsRead.txt" />
    <Text Include="SarahWantToRead.txt" />
    <Text Include="ZainMarkedAsRead.txt" />
    <Text Include="ZainWantToRead.txt" />
  </ItemGroup>
  <ItemGroup>
    <Object Include="Debug\Linklist.obj" />
    <Object Include="Debug\Readers.obj" />
    <Object Include="Debug\Source.obj" />
  </ItemGroup>
  <ItemGroup>
    <None Include="Debug\ProjectDSA.exe" />
    <None Include="Debug\ProjectDSA.ilk" />
    <None Include="Debug\ProjectDSA.pdb" />
    <None Include="Debug\vc142.idb" />
    <None Include="Debug\vc142.pdb" />
    <None Include="Debug\ProjectDSA.tlog\CL.command.1.tlog" />
    <None Include="Debug\ProjectDSA.tlog\CL.read.1.tlog" />
    <None Include="Debug\ProjectDSA.tlog\CL.write.1.tlog" />
    <None Include="Debug\ProjectDSA.tlog\link.command.1.tlog" />
    <None Include="Debug\ProjectDSA.tlog\link.read.1.tlog" />
    <None Include="Debug\ProjectDSA.tlog\link.write.1.tlog" />
    <None Include="Debug\ProjectDSA.tlog\ProjectDSA.lastbuildstate" />
    <None Include="sfml-audio-2.dll" />
    <None Include="sfml-audio-d-2.dll" />
    <None Include="sfml-graphics-2.dll" />
    <None Include="sfml-graphics-d-2.dll" />
    <None Include="sfml-system-d-2.dll" />
    <None Include="sfml-system-2.dll" />
    <None Include="sfml-window-2.dll" />
    <None Include="sfml-window-d-2.dll" />
    <None Include="openal32.dll" />
    <None Include="sfml-network-2.dll" />
    <None Include="sfml-network-d-2.dll" />
  </ItemGroup>
</Project>